{
  "originHash" : "efa4397dd88b8299757566e50700e9dc13402ebbc76a519e90faf772fb5aaa43",
  "pins" : [
    {
      "identity" : "swift-asn1",
      "kind" : "remoteSourceControl",
      "location" : "https://github.com/apple/swift-asn1.git",
      "state" : {
        "revision" : "a9a5efd40eaf558a2bcd48d64b1d1646be686008",
        "version" : "1.7.1"
      }
    },
    {
      "identity" : "swift-collections",
      "kind" : "remoteSourceControl",
      "location" : "https://github.com/apple/swift-collections.git",
      "state" : {
        "revision" : "a0cb0954ecb21e4e31b0070e6ed5674e8556685a",
        "version" : "1.6.0"
      }
    },
    {
      "identity" : "swift-crypto",
      "kind" : "remoteSourceControl",
      "location" : "https://github.com/apple/swift-crypto.git",
      "state" : {
        "revision" : "95ba0316a9b733e92bb6b071255ff46263bbe7dc",
        "version" : "3.15.1"
      }
    },
    {
      "identity" : "vldebuglogger",
      "kind" : "remoteSourceControl",
      "location" : "https://github.com/langdon78/VLDebugLogger",
      "state" : {
        "revision" : "53163d34636f6424ca6255289f3c39e5cd088769",
        "version" : "0.2.1"
      }
    },
    {
      "identity" : "vldiscogsclient",
      "kind" : "remoteSourceControl",
      "location" : "https://github.com/langdon78/VLDiscogsClient.git",
      "state" : {
        "revision" : "541491e60e1ddabbd3f4a9254b0aa8b8b4f4fb12",
        "version" : "0.2.0"
      }
    },
    {
      "identity" : "vlnetworkingclient",
      "kind" : "remoteSourceControl",
      "location" : "https://github.com/langdon78/VLNetworkingClient",
      "state" : {
        "revision" : "31583b549cbfdfc40457afe04d33ea3e44644c4f",
        "version" : "0.2.1"
      }
    },
    {
      "identity" : "vloauthflowcoordinator",
      "kind" : "remoteSourceControl",
      "location" : "https://github.com/langdon78/VLOAuthFlowCoordinator",
      "state" : {
        "revision" : "2224e1a1a5afd07f3a023088286c8a633248e36a",
        "version" : "0.4.1"
      }
    },
    {
      "identity" : "vloauthprovider",
      "kind" : "remoteSourceControl",
      "location" : "https://github.com/langdon78/VLOAuthProvider",
      "state" : {
        "revision" : "9038bd66fc3e4a7b6efed65809f7f5473601ec48",
        "version" : "0.3.6-alpha"
      }
    }
  ],
  "version" : 3
}
